
Microsoft Visual Studio Solution File, Format Version 12.00
# Visual Studio Version 16
VisualStudioVersion = 16.0.31129.286
MinimumVisualStudioVersion = 10.0.40219.1
Project("{9A19103F-16F7-4668-BE54-9A1E7A4F7556}") = "GGus.Web", "..\GGus.Web\GGus.Web.csproj", "{B623E2D1-4733-48CE-A522-89DD7FDBA955}"
EndProject
Global
	GlobalSection(SolutionConfigurationPlatforms) = preSolution
		Debug|Any CPU = Debug|Any CPU
		Release|Any CPU = Release|Any CPU
	EndGlobalSection
	GlobalSection(ProjectConfigurationPlatforms) = postSolution
		{B623E2D1-4733-48CE-A522-89DD7FDBA955}.Debug|Any CPU.ActiveCfg = Debug|Any CPU
		{B623E2D1-4733-48CE-A522-89DD7FDBA955}.Debug|Any CPU.Build.0 = Debug|Any CPU
		{B623E2D1-4733-48CE-A522-89DD7FDBA955}.Release|Any CPU.ActiveCfg = Release|Any CPU
		{B623E2D1-4733-48CE-A522-89DD7FDBA955}.Release|Any CPU.Build.0 = Release|Any CPU
	EndGlobalSection
	GlobalSection(SolutionProperties) = preSolution
		HideSolutionNode = FALSE
	EndGlobalSection
	GlobalSection(ExtensibilityGlobals) = postSolution
		SolutionGuid = {2EF63508-976B-44A4-868A-C43756E409B7}
	EndGlobalSection
EndGlobal
